
Microsoft Visual Studio Solution File, Format Version 12.00
# Visual Studio Version 16
VisualStudioVersion = 16.0.29806.167
MinimumVisualStudioVersion = 10.0.40219.1
Project("{F184B08F-C81C-45F6-A57F-5ABD9991F28F}") = "DatabaseTestApplication2", "DatabaseTestApplication2.vbproj", "{4E68612B-09B4-4B40-BE8C-6608D78AB2B6}"
EndProject
Global
	GlobalSection(SolutionConfigurationPlatforms) = preSolution
		Debug|Any CPU = Debug|Any CPU
		Release|Any CPU = Release|Any CPU
	EndGlobalSection
	GlobalSection(ProjectConfigurationPlatforms) = postSolution
		{4E68612B-09B4-4B40-BE8C-6608D78AB2B6}.Debug|Any CPU.ActiveCfg = Debug|Any CPU
		{4E68612B-09B4-4B40-BE8C-6608D78AB2B6}.Debug|Any CPU.Build.0 = Debug|Any CPU
		{4E68612B-09B4-4B40-BE8C-6608D78AB2B6}.Release|Any CPU.ActiveCfg = Release|Any CPU
		{4E68612B-09B4-4B40-BE8C-6608D78AB2B6}.Release|Any CPU.Build.0 = Release|Any CPU
	EndGlobalSection
	GlobalSection(SolutionProperties) = preSolution
		HideSolutionNode = FALSE
	EndGlobalSection
	GlobalSection(ExtensibilityGlobals) = postSolution
		SolutionGuid = {B6E68B8C-17CC-4E27-B365-DC546012B16F}
	EndGlobalSection
EndGlobal
